
Microsoft Visual Studio Solution File, Format Version 12.00
# Visual Studio 15
VisualStudioVersion = 15.0.28307.421
MinimumVisualStudioVersion = 10.0.40219.1
Project("{FAE04EC0-301F-11D3-BF4B-00C04F79EFBC}") = "StudentManagement", "StudentManagement\StudentManagement.csproj", "{ED89245E-5DA2-47AE-B5AF-FF1311C77A32}"
EndProject
Global
	GlobalSection(SolutionConfigurationPlatforms) = preSolution
		Debug|Any CPU = Debug|Any CPU
		Release|Any CPU = Release|Any CPU
	EndGlobalSection
	GlobalSection(ProjectConfigurationPlatforms) = postSolution
		{ED89245E-5DA2-47AE-B5AF-FF1311C77A32}.Debug|Any CPU.ActiveCfg = Debug|Any CPU
		{ED89245E-5DA2-47AE-B5AF-FF1311C77A32}.Debug|Any CPU.Build.0 = Debug|Any CPU
		{ED89245E-5DA2-47AE-B5AF-FF1311C77A32}.Release|Any CPU.ActiveCfg = Release|Any CPU
		{ED89245E-5DA2-47AE-B5AF-FF1311C77A32}.Release|Any CPU.Build.0 = Release|Any CPU
	EndGlobalSection
	GlobalSection(SolutionProperties) = preSolution
		HideSolutionNode = FALSE
	EndGlobalSection
	GlobalSection(ExtensibilityGlobals) = postSolution
		SolutionGuid = {E77AA278-BE97-43DF-97DB-E01D4FCD3ED9}
	EndGlobalSection
EndGlobal
